// !$*UTF8*$!
{
	archiveVersion = 1;
	classes = {
	};
	objectVersion = 77;
	objects = {

/* Begin PBXBuildFile section */
		AC446C632D70B12E00E380B6 /* Preview Assets.xcassets in Resources */ = {isa = PBXBuildFile; fileRef = AC446C5C2D70B12E00E380B6 /* Preview Assets.xcassets */; };
		AC446C642D70B12E00E380B6 /* Assets.xcassets in Resources */ = {isa = PBXBuildFile; fileRef = AC446C5E2D70B12E00E380B6 /* Assets.xcassets */; };
		AC446C652D70B12E00E380B6 /* ContentView.swift in Sources */ = {isa = PBXBuildFile; fileRef = AC446C5F2D70B12E00E380B6 /* ContentView.swift */; };
		AC446C662D70B12E00E380B6 /* PizzaSharingCalculatorApp.swift in Sources */ = {isa = PBXBuildFile; fileRef = AC446C612D70B12E00E380B6 /* PizzaSharingCalculatorApp.swift */; };
		AC446C6E2D70B1F400E380B6 /* Pizza.swift in Sources */ = {isa = PBXBuildFile; fileRef = AC446C6D2D70B1F400E380B6 /* Pizza.swift */; };
		AC446C702D70B22000E380B6 /* PizzaViewModel.swift in Sources */ = {isa = PBXBuildFile; fileRef = AC446C6F2D70B22000E380B6 /* PizzaViewModel.swift */; };
		AC446C722D70B24500E380B6 /* PizzaItemView.swift in Sources */ = {isa = PBXBuildFile; fileRef = AC446C712D70B24500E380B6 /* PizzaItemView.swift */; };
/* End PBXBuildFile section */

/* Begin PBXFileReference section */
		AC446C4A2D70B11300E380B6 /* PizzaSharingCalculator.app */ = {isa = PBXFileReference; explicitFileType = wrapper.application; includeInIndex = 0; path = PizzaSharingCalculator.app; sourceTree = BUILT_PRODUCTS_DIR; };
		AC446C5C2D70B12E00E380B6 /* Preview Assets.xcassets */ = {isa = PBXFileReference; lastKnownFileType = folder.assetcatalog; path = "Preview Assets.xcassets"; sourceTree = "<group>"; };
		AC446C5E2D70B12E00E380B6 /* Assets.xcassets */ = {isa = PBXFileReference; lastKnownFileType = folder.assetcatalog; path = Assets.xcassets; sourceTree = "<group>"; };
		AC446C5F2D70B12E00E380B6 /* ContentView.swift */ = {isa = PBXFileReference; lastKnownFileType = sourcecode.swift; path = ContentView.swift; sourceTree = "<group>"; };
		AC446C602D70B12E00E380B6 /* PizzaSharingCalculator.entitlements */ = {isa = PBXFileReference; lastKnownFileType = text.plist.entitlements; path = PizzaSharingCalculator.entitlements; sourceTree = "<group>"; };
		AC446C612D70B12E00E380B6 /* PizzaSharingCalculatorApp.swift */ = {isa = PBXFileReference; lastKnownFileType = sourcecode.swift; path = PizzaSharingCalculatorApp.swift; sourceTree = "<group>"; };
		AC446C6D2D70B1F400E380B6 /* Pizza.swift */ = {isa = PBXFileReference; lastKnownFileType = sourcecode.swift; path = Pizza.swift; sourceTree = "<group>"; };
		AC446C6F2D70B22000E380B6 /* PizzaViewModel.swift */ = {isa = PBXFileReference; lastKnownFileType = sourcecode.swift; path = PizzaViewModel.swift; sourceTree = "<group>"; };
		AC446C712D70B24500E380B6 /* PizzaItemView.swift */ = {isa = PBXFileReference; lastKnownFileType = sourcecode.swift; path = PizzaItemView.swift; sourceTree = "<group>"; };
/* End PBXFileReference section */

/* Begin PBXFrameworksBuildPhase section */
		AC446C472D70B11300E380B6 /* Frameworks */ = {
			isa = PBXFrameworksBuildPhase;
			buildActionMask = 2147483647;
			files = (
			);
			runOnlyForDeploymentPostprocessing = 0;
		};
/* End PBXFrameworksBuildPhase section */

/* Begin PBXGroup section */
		AC446C412D70B11300E380B6 = {
			isa = PBXGroup;
			children = (
				AC446C622D70B12E00E380B6 /* PizzaSharingCalculator */,
				AC446C4B2D70B11300E380B6 /* Products */,
			);
			sourceTree = "<group>";
		};
		AC446C4B2D70B11300E380B6 /* Products */ = {
			isa = PBXGroup;
			children = (
				AC446C4A2D70B11300E380B6 /* PizzaSharingCalculator.app */,
			);
			name = Products;
			sourceTree = "<group>";
		};
		AC446C5D2D70B12E00E380B6 /* Preview Content */ = {
			isa = PBXGroup;
			children = (
				AC446C5E2D70B12E00E380B6 /* Assets.xcassets */,
				AC446C5C2D70B12E00E380B6 /* Preview Assets.xcassets */,
			);
			path = "Preview Content";
			sourceTree = "<group>";
		};
		AC446C622D70B12E00E380B6 /* PizzaSharingCalculator */ = {
			isa = PBXGroup;
			children = (
				AC446C612D70B12E00E380B6 /* PizzaSharingCalculatorApp.swift */,
				AC446C6A2D70B18700E380B6 /* PizzaView */,
				AC446C6B2D70B18A00E380B6 /* PizzaViewModel */,
				AC446C6C2D70B18D00E380B6 /* PizzaModel */,
				AC446C5D2D70B12E00E380B6 /* Preview Content */,
				AC446C602D70B12E00E380B6 /* PizzaSharingCalculator.entitlements */,
			);
			path = PizzaSharingCalculator;
			sourceTree = "<group>";
		};
		AC446C6A2D70B18700E380B6 /* PizzaView */ = {
			isa = PBXGroup;
			children = (
				AC446C5F2D70B12E00E380B6 /* ContentView.swift */,
				AC446C712D70B24500E380B6 /* PizzaItemView.swift */,
			);
			path = PizzaView;
			sourceTree = "<group>";
		};
		AC446C6B2D70B18A00E380B6 /* PizzaViewModel */ = {
			isa = PBXGroup;
			children = (
				AC446C6F2D70B22000E380B6 /* PizzaViewModel.swift */,
			);
			path = PizzaViewModel;
			sourceTree = "<group>";
		};
		AC446C6C2D70B18D00E380B6 /* PizzaModel */ = {
			isa = PBXGroup;
			children = (
				AC446C6D2D70B1F400E380B6 /* Pizza.swift */,
			);
			path = PizzaModel;
			sourceTree = "<group>";
		};
/* End PBXGroup section */

/* Begin PBXNativeTarget section */
		AC446C492D70B11300E380B6 /* PizzaSharingCalculator */ = {
			isa = PBXNativeTarget;
			buildConfigurationList = AC446C592D70B11600E380B6 /* Build configuration list for PBXNativeTarget "PizzaSharingCalculator" */;
			buildPhases = (
				AC446C462D70B11300E380B6 /* Sources */,
				AC446C472D70B11300E380B6 /* Frameworks */,
				AC446C482D70B11300E380B6 /* Resources */,
			);
			buildRules = (
			);
			dependencies = (
			);
			name = PizzaSharingCalculator;
			packageProductDependencies = (
			);
			productName = PizzaSharingCalculator;
			productReference = AC446C4A2D70B11300E380B6 /* PizzaSharingCalculator.app */;
			productType = "com.apple.product-type.application";
		};
/* End PBXNativeTarget section */

/* Begin PBXProject section */
		AC446C422D70B11300E380B6 /* Project object */ = {
			isa = PBXProject;
			attributes = {
				BuildIndependentTargetsInParallel = 1;
				LastSwiftUpdateCheck = 1600;
				LastUpgradeCheck = 1600;
				TargetAttributes = {
					AC446C492D70B11300E380B6 = {
						CreatedOnToolsVersion = 16.0;
					};
				};
			};
			buildConfigurationList = AC446C452D70B11300E380B6 /* Build configuration list for PBXProject "PizzaSharingCalculator" */;
			developmentRegion = en;
			hasScannedForEncodings = 0;
			knownRegions = (
				en,
				Base,
			);
			mainGroup = AC446C412D70B11300E380B6;
			minimizedProjectReferenceProxies = 1;
			preferredProjectObjectVersion = 77;
			productRefGroup = AC446C4B2D70B11300E380B6 /* Products */;
			projectDirPath = "";
			projectRoot = "";
			targets = (
				AC446C492D70B11300E380B6 /* PizzaSharingCalculator */,
			);
		};
/* End PBXProject section */

/* Begin PBXResourcesBuildPhase section */
		AC446C482D70B11300E380B6 /* Resources */ = {
			isa = PBXResourcesBuildPhase;
			buildActionMask = 2147483647;
			files = (
				AC446C632D70B12E00E380B6 /* Preview Assets.xcassets in Resources */,
				AC446C642D70B12E00E380B6 /* Assets.xcassets in Resources */,
			);
			runOnlyForDeploymentPostprocessing = 0;
		};
/* End PBXResourcesBuildPhase section */

/* Begin PBXSourcesBuildPhase section */
		AC446C462D70B11300E380B6 /* Sources */ = {
			isa = PBXSourcesBuildPhase;
			buildActionMask = 2147483647;
			files = (
				AC446C652D70B12E00E380B6 /* ContentView.swift in Sources */,
				AC446C702D70B22000E380B6 /* PizzaViewModel.swift in Sources */,
				AC446C722D70B24500E380B6 /* PizzaItemView.swift in Sources */,
				AC446C662D70B12E00E380B6 /* PizzaSharingCalculatorApp.swift in Sources */,
				AC446C6E2D70B1F400E380B6 /* Pizza.swift in Sources */,
			);
			runOnlyForDeploymentPostprocessing = 0;
		};
/* End PBXSourcesBuildPhase section */

/* Begin XCBuildConfiguration section */
		AC446C572D70B11600E380B6 /* Debug */ = {
			isa = XCBuildConfiguration;
			buildSettings = {
				ALWAYS_SEARCH_USER_PATHS = NO;
				ASSETCATALOG_COMPILER_GENERATE_SWIFT_ASSET_SYMBOL_EXTENSIONS = YES;
				CLANG_ANALYZER_NONNULL = YES;
				CLANG_ANALYZER_NUMBER_OBJECT_CONVERSION = YES_AGGRESSIVE;
				CLANG_CXX_LANGUAGE_STANDARD = "gnu++20";
				CLANG_ENABLE_MODULES = YES;
				CLANG_ENABLE_OBJC_ARC = YES;
				CLANG_ENABLE_OBJC_WEAK = YES;
				CLANG_WARN_BLOCK_CAPTURE_AUTORELEASING = YES;
				CLANG_WARN_BOOL_CONVERSION = YES;
				CLANG_WARN_COMMA = YES;
				CLANG_WARN_CONSTANT_CONVERSION = YES;
				CLANG_WARN_DEPRECATED_OBJC_IMPLEMENTATIONS = YES;
				CLANG_WARN_DIRECT_OBJC_ISA_USAGE = YES_ERROR;
				CLANG_WARN_DOCUMENTATION_COMMENTS = YES;
				CLANG_WARN_EMPTY_BODY = YES;
				CLANG_WARN_ENUM_CONVERSION = YES;
				CLANG_WARN_INFINITE_RECURSION = YES;
				CLANG_WARN_INT_CONVERSION = YES;
				CLANG_WARN_NON_LITERAL_NULL_CONVERSION = YES;
				CLANG_WARN_OBJC_IMPLICIT_RETAIN_SELF = YES;
				CLANG_WARN_OBJC_LITERAL_CONVERSION = YES;
				CLANG_WARN_OBJC_ROOT_CLASS = YES_ERROR;
				CLANG_WARN_QUOTED_INCLUDE_IN_FRAMEWORK_HEADER = YES;
				CLANG_WARN_RANGE_LOOP_ANALYSIS = YES;
				CLANG_WARN_STRICT_PROTOTYPES = YES;
				CLANG_WARN_SUSPICIOUS_MOVE = YES;
				CLANG_WARN_UNGUARDED_AVAILABILITY = YES_AGGRESSIVE;
				CLANG_WARN_UNREACHABLE_CODE = YES;
				CLANG_WARN__DUPLICATE_METHOD_MATCH = YES;
				COPY_PHASE_STRIP = NO;
				DEBUG_INFORMATION_FORMAT = dwarf;
				ENABLE_STRICT_OBJC_MSGSEND = YES;
				ENABLE_TESTABILITY = YES;
				ENABLE_USER_SCRIPT_SANDBOXING = YES;
				GCC_C_LANGUAGE_STANDARD = gnu17;
				GCC_DYNAMIC_NO_PIC = NO;
				GCC_NO_COMMON_BLOCKS = YES;
				GCC_OPTIMIZATION_LEVEL = 0;
				GCC_PREPROCESSOR_DEFINITIONS = (
					"DEBUG=1",
					"$(inherited)",
				);
				GCC_WARN_64_TO_32_BIT_CONVERSION = YES;
				GCC_WARN_ABOUT_RETURN_TYPE = YES_ERROR;
				GCC_WARN_UNDECLARED_SELECTOR = YES;
				GCC_WARN_UNINITIALIZED_AUTOS = YES_AGGRESSIVE;
				GCC_WARN_UNUSED_FUNCTION = YES;
				GCC_WARN_UNUSED_VARIABLE = YES;
				LOCALIZATION_PREFERS_STRING_CATALOGS = YES;
				MACOSX_DEPLOYMENT_TARGET = 14.7;
				MTL_ENABLE_DEBUG_INFO = INCLUDE_SOURCE;
				MTL_FAST_MATH = YES;
				ONLY_ACTIVE_ARCH = YES;
				SDKROOT = macosx;
				SWIFT_ACTIVE_COMPILATION_CONDITIONS = "DEBUG $(inherited)";
				SWIFT_OPTIMIZATION_LEVEL = "-Onone";
			};
			name = Debug;
		};
		AC446C582D70B11600E380B6 /* Release */ = {
			isa = XCBuildConfiguration;
			buildSettings = {
				ALWAYS_SEARCH_USER_PATHS = NO;
				ASSETCATALOG_COMPILER_GENERATE_SWIFT_ASSET_SYMBOL_EXTENSIONS = YES;
				CLANG_ANALYZER_NONNULL = YES;
				CLANG_ANALYZER_NUMBER_OBJECT_CONVERSION = YES_AGGRESSIVE;
				CLANG_CXX_LANGUAGE_STANDARD = "gnu++20";
				CLANG_ENABLE_MODULES = YES;
				CLANG_ENABLE_OBJC_ARC = YES;
				CLANG_ENABLE_OBJC_WEAK = YES;
				CLANG_WARN_BLOCK_CAPTURE_AUTORELEASING = YES;
				CLANG_WARN_BOOL_CONVERSION = YES;
				CLANG_WARN_COMMA = YES;
				CLANG_WARN_CONSTANT_CONVERSION = YES;
				CLANG_WARN_DEPRECATED_OBJC_IMPLEMENTATIONS = YES;
				CLANG_WARN_DIRECT_OBJC_ISA_USAGE = YES_ERROR;
				CLANG_WARN_DOCUMENTATION_COMMENTS = YES;
				CLANG_WARN_EMPTY_BODY = YES;
				CLANG_WARN_ENUM_CONVERSION = YES;
				CLANG_WARN_INFINITE_RECURSION = YES;
				CLANG_WARN_INT_CONVERSION = YES;
				CLANG_WARN_NON_LITERAL_NULL_CONVERSION = YES;
				CLANG_WARN_OBJC_IMPLICIT_RETAIN_SELF = YES;
				CLANG_WARN_OBJC_LITERAL_CONVERSION = YES;
				CLANG_WARN_OBJC_ROOT_CLASS = YES_ERROR;
				CLANG_WARN_QUOTED_INCLUDE_IN_FRAMEWORK_HEADER = YES;
				CLANG_WARN_RANGE_LOOP_ANALYSIS = YES;
				CLANG_WARN_STRICT_PROTOTYPES = YES;
				CLANG_WARN_SUSPICIOUS_MOVE = YES;
				CLANG_WARN_UNGUARDED_AVAILABILITY = YES_AGGRESSIVE;
				CLANG_WARN_UNREACHABLE_CODE = YES;
				CLANG_WARN__DUPLICATE_METHOD_MATCH = YES;
				COPY_PHASE_STRIP = NO;
				DEBUG_INFORMATION_FORMAT = "dwarf-with-dsym";
				ENABLE_NS_ASSERTIONS = NO;
				ENABLE_STRICT_OBJC_MSGSEND = YES;
				ENABLE_USER_SCRIPT_SANDBOXING = YES;
				GCC_C_LANGUAGE_STANDARD = gnu17;
				GCC_NO_COMMON_BLOCKS = YES;
				GCC_WARN_64_TO_32_BIT_CONVERSION = YES;
				GCC_WARN_ABOUT_RETURN_TYPE = YES_ERROR;
				GCC_WARN_UNDECLARED_SELECTOR = YES;
				GCC_WARN_UNINITIALIZED_AUTOS = YES_AGGRESSIVE;
				GCC_WARN_UNUSED_FUNCTION = YES;
				GCC_WARN_UNUSED_VARIABLE = YES;
				LOCALIZATION_PREFERS_STRING_CATALOGS = YES;
				MACOSX_DEPLOYMENT_TARGET = 14.7;
				MTL_ENABLE_DEBUG_INFO = NO;
				MTL_FAST_MATH = YES;
				SDKROOT = macosx;
				SWIFT_COMPILATION_MODE = wholemodule;
			};
			name = Release;
		};
		AC446C5A2D70B11600E380B6 /* Debug */ = {
			isa = XCBuildConfiguration;
			buildSettings = {
				ASSETCATALOG_COMPILER_APPICON_NAME = AppIcon;
				ASSETCATALOG_COMPILER_GLOBAL_ACCENT_COLOR_NAME = AccentColor;
				CODE_SIGN_ENTITLEMENTS = PizzaSharingCalculator/PizzaSharingCalculator.entitlements;
				CODE_SIGN_STYLE = Automatic;
				COMBINE_HIDPI_IMAGES = YES;
				CURRENT_PROJECT_VERSION = 1;
				DEVELOPMENT_ASSET_PATHS = "\"PizzaSharingCalculator/Preview Content\"";
				DEVELOPMENT_TEAM = 4UG443984D;
				ENABLE_HARDENED_RUNTIME = YES;
				ENABLE_PREVIEWS = YES;
				GENERATE_INFOPLIST_FILE = YES;
				INFOPLIST_KEY_NSHumanReadableCopyright = "";
				LD_RUNPATH_SEARCH_PATHS = (
					"$(inherited)",
					"@executable_path/../Frameworks",
				);
				MARKETING_VERSION = 1.0;
				PRODUCT_BUNDLE_IDENTIFIER = ca.rathwelljack.PizzaSharingCalculator;
				PRODUCT_NAME = "$(TARGET_NAME)";
				SWIFT_EMIT_LOC_STRINGS = YES;
				SWIFT_VERSION = 5.0;
			};
			name = Debug;
		};
		AC446C5B2D70B11600E380B6 /* Release */ = {
			isa = XCBuildConfiguration;
			buildSettings = {
				ASSETCATALOG_COMPILER_APPICON_NAME = AppIcon;
				ASSETCATALOG_COMPILER_GLOBAL_ACCENT_COLOR_NAME = AccentColor;
				CODE_SIGN_ENTITLEMENTS = PizzaSharingCalculator/PizzaSharingCalculator.entitlements;
				CODE_SIGN_STYLE = Automatic;
				COMBINE_HIDPI_IMAGES = YES;
				CURRENT_PROJECT_VERSION = 1;
				DEVELOPMENT_ASSET_PATHS = "\"PizzaSharingCalculator/Preview Content\"";
				DEVELOPMENT_TEAM = 4UG443984D;
				ENABLE_HARDENED_RUNTIME = YES;
				ENABLE_PREVIEWS = YES;
				GENERATE_INFOPLIST_FILE = YES;
				INFOPLIST_KEY_NSHumanReadableCopyright = "";
				LD_RUNPATH_SEARCH_PATHS = (
					"$(inherited)",
					"@executable_path/../Frameworks",
				);
				MARKETING_VERSION = 1.0;
				PRODUCT_BUNDLE_IDENTIFIER = ca.rathwelljack.PizzaSharingCalculator;
				PRODUCT_NAME = "$(TARGET_NAME)";
				SWIFT_EMIT_LOC_STRINGS = YES;
				SWIFT_VERSION = 5.0;
			};
			name = Release;
		};
/* End XCBuildConfiguration section */

/* Begin XCConfigurationList section */
		AC446C452D70B11300E380B6 /* Build configuration list for PBXProject "PizzaSharingCalculator" */ = {
			isa = XCConfigurationList;
			buildConfigurations = (
				AC446C572D70B11600E380B6 /* Debug */,
				AC446C582D70B11600E380B6 /* Release */,
			);
			defaultConfigurationIsVisible = 0;
			defaultConfigurationName = Release;
		};
		AC446C592D70B11600E380B6 /* Build configuration list for PBXNativeTarget "PizzaSharingCalculator" */ = {
			isa = XCConfigurationList;
			buildConfigurations = (
				AC446C5A2D70B11600E380B6 /* Debug */,
				AC446C5B2D70B11600E380B6 /* Release */,
			);
			defaultConfigurationIsVisible = 0;
			defaultConfigurationName = Release;
		};
/* End XCConfigurationList section */
	};
	rootObject = AC446C422D70B11300E380B6 /* Project object */;
}
